
Microsoft Visual Studio Solution File, Format Version 12.00
# Visual Studio 15
VisualStudioVersion = 15.0.27130.2024
MinimumVisualStudioVersion = 10.0.40219.1
Project("{FAE04EC0-301F-11D3-BF4B-00C04F79EFBC}") = "DataconPortal", "DataconPortal\DataconPortal.csproj", "{7FD4FA6C-85FB-45BE-970E-B64A93E59CA1}"
EndProject
Project("{FAE04EC0-301F-11D3-BF4B-00C04F79EFBC}") = "PortalTesting", "PortalTesting\PortalTesting.csproj", "{40D74912-E6B1-4056-8D56-19C9161BBFD4}"
EndProject
Global
	GlobalSection(SolutionConfigurationPlatforms) = preSolution
		Debug|Any CPU = Debug|Any CPU
		Release|Any CPU = Release|Any CPU
	EndGlobalSection
	GlobalSection(ProjectConfigurationPlatforms) = postSolution
		{7FD4FA6C-85FB-45BE-970E-B64A93E59CA1}.Debug|Any CPU.ActiveCfg = Debug|Any CPU
		{7FD4FA6C-85FB-45BE-970E-B64A93E59CA1}.Debug|Any CPU.Build.0 = Debug|Any CPU
		{7FD4FA6C-85FB-45BE-970E-B64A93E59CA1}.Release|Any CPU.ActiveCfg = Release|Any CPU
		{7FD4FA6C-85FB-45BE-970E-B64A93E59CA1}.Release|Any CPU.Build.0 = Release|Any CPU
		{40D74912-E6B1-4056-8D56-19C9161BBFD4}.Debug|Any CPU.ActiveCfg = Debug|Any CPU
		{40D74912-E6B1-4056-8D56-19C9161BBFD4}.Debug|Any CPU.Build.0 = Debug|Any CPU
		{40D74912-E6B1-4056-8D56-19C9161BBFD4}.Release|Any CPU.ActiveCfg = Release|Any CPU
		{40D74912-E6B1-4056-8D56-19C9161BBFD4}.Release|Any CPU.Build.0 = Release|Any CPU
	EndGlobalSection
	GlobalSection(SolutionProperties) = preSolution
		HideSolutionNode = FALSE
	EndGlobalSection
	GlobalSection(ExtensibilityGlobals) = postSolution
		SolutionGuid = {F9E9C5B7-2A26-4CDD-885C-4B824462DE69}
	EndGlobalSection
EndGlobal
